
Microsoft Visual Studio Solution File, Format Version 12.00
# Visual Studio Version 17
VisualStudioVersion = 17.8.34316.72
MinimumVisualStudioVersion = 10.0.40219.1
Project("{FAE04EC0-301F-11D3-BF4B-00C04F79EFBC}") = "Agenda", "Agenda\Agenda.csproj", "{EAE52191-8450-48F3-A6BB-D03592ECF8BD}"
EndProject
Global
	GlobalSection(SolutionConfigurationPlatforms) = preSolution
		Debug|Any CPU = Debug|Any CPU
		Release|Any CPU = Release|Any CPU
	EndGlobalSection
	GlobalSection(ProjectConfigurationPlatforms) = postSolution
		{EAE52191-8450-48F3-A6BB-D03592ECF8BD}.Debug|Any CPU.ActiveCfg = Debug|Any CPU
		{EAE52191-8450-48F3-A6BB-D03592ECF8BD}.Debug|Any CPU.Build.0 = Debug|Any CPU
		{EAE52191-8450-48F3-A6BB-D03592ECF8BD}.Release|Any CPU.ActiveCfg = Release|Any CPU
		{EAE52191-8450-48F3-A6BB-D03592ECF8BD}.Release|Any CPU.Build.0 = Release|Any CPU
	EndGlobalSection
	GlobalSection(SolutionProperties) = preSolution
		HideSolutionNode = FALSE
	EndGlobalSection
	GlobalSection(ExtensibilityGlobals) = postSolution
		SolutionGuid = {2B54C5E0-FA6D-4949-BE94-EC29E274B1A4}
	EndGlobalSection
EndGlobal
