
Microsoft Visual Studio Solution File, Format Version 12.00
# Visual Studio Version 17
VisualStudioVersion = 17.8.34316.72
MinimumVisualStudioVersion = 10.0.40219.1
Project("{FAE04EC0-301F-11D3-BF4B-00C04F79EFBC}") = "arrays", "arrays\arrays.csproj", "{5419D4EF-92EF-4E7B-BA2D-C966ABE10AAF}"
EndProject
Global
	GlobalSection(SolutionConfigurationPlatforms) = preSolution
		Debug|Any CPU = Debug|Any CPU
		Release|Any CPU = Release|Any CPU
	EndGlobalSection
	GlobalSection(ProjectConfigurationPlatforms) = postSolution
		{5419D4EF-92EF-4E7B-BA2D-C966ABE10AAF}.Debug|Any CPU.ActiveCfg = Debug|Any CPU
		{5419D4EF-92EF-4E7B-BA2D-C966ABE10AAF}.Debug|Any CPU.Build.0 = Debug|Any CPU
		{5419D4EF-92EF-4E7B-BA2D-C966ABE10AAF}.Release|Any CPU.ActiveCfg = Release|Any CPU
		{5419D4EF-92EF-4E7B-BA2D-C966ABE10AAF}.Release|Any CPU.Build.0 = Release|Any CPU
	EndGlobalSection
	GlobalSection(SolutionProperties) = preSolution
		HideSolutionNode = FALSE
	EndGlobalSection
	GlobalSection(ExtensibilityGlobals) = postSolution
		SolutionGuid = {224D9B45-2F3D-43EB-B814-D8394538D072}
	EndGlobalSection
EndGlobal
